
Microsoft Visual Studio Solution File, Format Version 12.00
# Visual Studio Version 16
VisualStudioVersion = 16.0.30413.136
MinimumVisualStudioVersion = 10.0.40219.1
Project("{2150E333-8FDC-42A3-9474-1A3956D46DE8}") = "StudentData", "StudentData", "{74FB6801-21B2-4C95-AFB1-C20E3741695E}"
EndProject
Project("{2150E333-8FDC-42A3-9474-1A3956D46DE8}") = "FacultyData", "FacultyData", "{03C21FDD-8ECF-48DB-8DEA-9E48AFB701F6}"
EndProject
Project("{2150E333-8FDC-42A3-9474-1A3956D46DE8}") = "DepartmentData", "DepartmentData", "{70058F54-8417-4677-B3B8-9E23A4B4B7A8}"
EndProject
Project("{2150E333-8FDC-42A3-9474-1A3956D46DE8}") = "Gateway", "Gateway", "{D2D8E03B-37B5-45E8-8A02-F8D42843691A}"
EndProject
Project("{2150E333-8FDC-42A3-9474-1A3956D46DE8}") = "Common", "Common", "{2E0353A3-F5CD-4A18-B828-8179A9AF5CFF}"
EndProject
Project("{9A19103F-16F7-4668-BE54-9A1E7A4F7556}") = "StudentAPI", "..\StudentAPI\StudentAPI.csproj", "{8D14D0F6-A48C-4D4E-9EF3-B5631DD0964B}"
EndProject
Project("{9A19103F-16F7-4668-BE54-9A1E7A4F7556}") = "StudentEntities", "..\StudentEntities\StudentEntities.csproj", "{18914763-010A-4918-82AB-AD517A5C2AD9}"
EndProject
Project("{9A19103F-16F7-4668-BE54-9A1E7A4F7556}") = "FacultyAPI", "..\FacultyAPI\FacultyAPI.csproj", "{8E5D3ADE-942B-4704-8569-5D4195B0C9E2}"
EndProject
Project("{9A19103F-16F7-4668-BE54-9A1E7A4F7556}") = "FacultyEntities", "..\FacultyEntities\FacultyEntities.csproj", "{FB073188-A05F-41FC-AE89-C397938B72BC}"
EndProject
Project("{9A19103F-16F7-4668-BE54-9A1E7A4F7556}") = "CommonObjects", "..\CommonObjects\CommonObjects.csproj", "{C9B4A9E5-9590-4978-AD58-E5C55978FD7A}"
EndProject
Project("{9A19103F-16F7-4668-BE54-9A1E7A4F7556}") = "DepartmentAPI", "..\DepartmentAPI\DepartmentAPI.csproj", "{8350F10E-5CE3-4FD5-8FB7-9904B976405A}"
EndProject
Project("{9A19103F-16F7-4668-BE54-9A1E7A4F7556}") = "DepartmentEntities", "..\DepartmentEntities\DepartmentEntities.csproj", "{41FD223E-E0CC-41BB-B54C-6B7351389423}"
EndProject
Project("{9A19103F-16F7-4668-BE54-9A1E7A4F7556}") = "Web.HttpAggregator", "..\Web.HttpAggregator\Web.HttpAggregator.csproj", "{FCD19049-5E37-4AD7-8F55-6F61EE241E01}"
EndProject
Global
	GlobalSection(SolutionConfigurationPlatforms) = preSolution
		Debug|Any CPU = Debug|Any CPU
		Release|Any CPU = Release|Any CPU
	EndGlobalSection
	GlobalSection(ProjectConfigurationPlatforms) = postSolution
		{8D14D0F6-A48C-4D4E-9EF3-B5631DD0964B}.Debug|Any CPU.ActiveCfg = Debug|Any CPU
		{8D14D0F6-A48C-4D4E-9EF3-B5631DD0964B}.Debug|Any CPU.Build.0 = Debug|Any CPU
		{8D14D0F6-A48C-4D4E-9EF3-B5631DD0964B}.Release|Any CPU.ActiveCfg = Release|Any CPU
		{8D14D0F6-A48C-4D4E-9EF3-B5631DD0964B}.Release|Any CPU.Build.0 = Release|Any CPU
		{18914763-010A-4918-82AB-AD517A5C2AD9}.Debug|Any CPU.ActiveCfg = Debug|Any CPU
		{18914763-010A-4918-82AB-AD517A5C2AD9}.Debug|Any CPU.Build.0 = Debug|Any CPU
		{18914763-010A-4918-82AB-AD517A5C2AD9}.Release|Any CPU.ActiveCfg = Release|Any CPU
		{18914763-010A-4918-82AB-AD517A5C2AD9}.Release|Any CPU.Build.0 = Release|Any CPU
		{8E5D3ADE-942B-4704-8569-5D4195B0C9E2}.Debug|Any CPU.ActiveCfg = Debug|Any CPU
		{8E5D3ADE-942B-4704-8569-5D4195B0C9E2}.Debug|Any CPU.Build.0 = Debug|Any CPU
		{8E5D3ADE-942B-4704-8569-5D4195B0C9E2}.Release|Any CPU.ActiveCfg = Release|Any CPU
		{8E5D3ADE-942B-4704-8569-5D4195B0C9E2}.Release|Any CPU.Build.0 = Release|Any CPU
		{FB073188-A05F-41FC-AE89-C397938B72BC}.Debug|Any CPU.ActiveCfg = Debug|Any CPU
		{FB073188-A05F-41FC-AE89-C397938B72BC}.Debug|Any CPU.Build.0 = Debug|Any CPU
		{FB073188-A05F-41FC-AE89-C397938B72BC}.Release|Any CPU.ActiveCfg = Release|Any CPU
		{FB073188-A05F-41FC-AE89-C397938B72BC}.Release|Any CPU.Build.0 = Release|Any CPU
		{C9B4A9E5-9590-4978-AD58-E5C55978FD7A}.Debug|Any CPU.ActiveCfg = Debug|Any CPU
		{C9B4A9E5-9590-4978-AD58-E5C55978FD7A}.Debug|Any CPU.Build.0 = Debug|Any CPU
		{C9B4A9E5-9590-4978-AD58-E5C55978FD7A}.Release|Any CPU.ActiveCfg = Release|Any CPU
		{C9B4A9E5-9590-4978-AD58-E5C55978FD7A}.Release|Any CPU.Build.0 = Release|Any CPU
		{8350F10E-5CE3-4FD5-8FB7-9904B976405A}.Debug|Any CPU.ActiveCfg = Debug|Any CPU
		{8350F10E-5CE3-4FD5-8FB7-9904B976405A}.Debug|Any CPU.Build.0 = Debug|Any CPU
		{8350F10E-5CE3-4FD5-8FB7-9904B976405A}.Release|Any CPU.ActiveCfg = Release|Any CPU
		{8350F10E-5CE3-4FD5-8FB7-9904B976405A}.Release|Any CPU.Build.0 = Release|Any CPU
		{41FD223E-E0CC-41BB-B54C-6B7351389423}.Debug|Any CPU.ActiveCfg = Debug|Any CPU
		{41FD223E-E0CC-41BB-B54C-6B7351389423}.Debug|Any CPU.Build.0 = Debug|Any CPU
		{41FD223E-E0CC-41BB-B54C-6B7351389423}.Release|Any CPU.ActiveCfg = Release|Any CPU
		{41FD223E-E0CC-41BB-B54C-6B7351389423}.Release|Any CPU.Build.0 = Release|Any CPU
		{FCD19049-5E37-4AD7-8F55-6F61EE241E01}.Debug|Any CPU.ActiveCfg = Debug|Any CPU
		{FCD19049-5E37-4AD7-8F55-6F61EE241E01}.Debug|Any CPU.Build.0 = Debug|Any CPU
		{FCD19049-5E37-4AD7-8F55-6F61EE241E01}.Release|Any CPU.ActiveCfg = Release|Any CPU
		{FCD19049-5E37-4AD7-8F55-6F61EE241E01}.Release|Any CPU.Build.0 = Release|Any CPU
	EndGlobalSection
	GlobalSection(SolutionProperties) = preSolution
		HideSolutionNode = FALSE
	EndGlobalSection
	GlobalSection(NestedProjects) = preSolution
		{8D14D0F6-A48C-4D4E-9EF3-B5631DD0964B} = {74FB6801-21B2-4C95-AFB1-C20E3741695E}
		{18914763-010A-4918-82AB-AD517A5C2AD9} = {74FB6801-21B2-4C95-AFB1-C20E3741695E}
		{8E5D3ADE-942B-4704-8569-5D4195B0C9E2} = {03C21FDD-8ECF-48DB-8DEA-9E48AFB701F6}
		{FB073188-A05F-41FC-AE89-C397938B72BC} = {03C21FDD-8ECF-48DB-8DEA-9E48AFB701F6}
		{C9B4A9E5-9590-4978-AD58-E5C55978FD7A} = {2E0353A3-F5CD-4A18-B828-8179A9AF5CFF}
		{8350F10E-5CE3-4FD5-8FB7-9904B976405A} = {70058F54-8417-4677-B3B8-9E23A4B4B7A8}
		{41FD223E-E0CC-41BB-B54C-6B7351389423} = {70058F54-8417-4677-B3B8-9E23A4B4B7A8}
		{FCD19049-5E37-4AD7-8F55-6F61EE241E01} = {D2D8E03B-37B5-45E8-8A02-F8D42843691A}
	EndGlobalSection
	GlobalSection(ExtensibilityGlobals) = postSolution
		SolutionGuid = {AA4A7CE1-0B65-4AAA-9AC3-C190036B28CF}
	EndGlobalSection
EndGlobal
